
Microsoft Visual Studio Solution File, Format Version 12.00
# Visual Studio Version 16
VisualStudioVersion = 16.0.31624.102
MinimumVisualStudioVersion = 10.0.40219.1
Project("{FAE04EC0-301F-11D3-BF4B-00C04F79EFBC}") = "StreamReader", "StreamReader\StreamReader.csproj", "{87B702F7-4BEE-42C9-AA1E-A98121A322CE}"
EndProject
Global
	GlobalSection(SolutionConfigurationPlatforms) = preSolution
		Debug|Any CPU = Debug|Any CPU
		Release|Any CPU = Release|Any CPU
	EndGlobalSection
	GlobalSection(ProjectConfigurationPlatforms) = postSolution
		{87B702F7-4BEE-42C9-AA1E-A98121A322CE}.Debug|Any CPU.ActiveCfg = Debug|Any CPU
		{87B702F7-4BEE-42C9-AA1E-A98121A322CE}.Debug|Any CPU.Build.0 = Debug|Any CPU
		{87B702F7-4BEE-42C9-AA1E-A98121A322CE}.Release|Any CPU.ActiveCfg = Release|Any CPU
		{87B702F7-4BEE-42C9-AA1E-A98121A322CE}.Release|Any CPU.Build.0 = Release|Any CPU
	EndGlobalSection
	GlobalSection(SolutionProperties) = preSolution
		HideSolutionNode = FALSE
	EndGlobalSection
	GlobalSection(ExtensibilityGlobals) = postSolution
		SolutionGuid = {514E9782-CF81-4028-A7C9-B519006384FB}
	EndGlobalSection
EndGlobal
