
Microsoft Visual Studio Solution File, Format Version 12.00
# Visual Studio Version 16
VisualStudioVersion = 16.0.31624.102
MinimumVisualStudioVersion = 10.0.40219.1
Project("{FAE04EC0-301F-11D3-BF4B-00C04F79EFBC}") = "Exercicio Cap 13", "Exercicio Cap 13\Exercicio Cap 13.csproj", "{FF4496B9-E5A7-42FF-8DAC-1995D99A24A2}"
EndProject
Global
	GlobalSection(SolutionConfigurationPlatforms) = preSolution
		Debug|Any CPU = Debug|Any CPU
		Release|Any CPU = Release|Any CPU
	EndGlobalSection
	GlobalSection(ProjectConfigurationPlatforms) = postSolution
		{FF4496B9-E5A7-42FF-8DAC-1995D99A24A2}.Debug|Any CPU.ActiveCfg = Debug|Any CPU
		{FF4496B9-E5A7-42FF-8DAC-1995D99A24A2}.Debug|Any CPU.Build.0 = Debug|Any CPU
		{FF4496B9-E5A7-42FF-8DAC-1995D99A24A2}.Release|Any CPU.ActiveCfg = Release|Any CPU
		{FF4496B9-E5A7-42FF-8DAC-1995D99A24A2}.Release|Any CPU.Build.0 = Release|Any CPU
	EndGlobalSection
	GlobalSection(SolutionProperties) = preSolution
		HideSolutionNode = FALSE
	EndGlobalSection
	GlobalSection(ExtensibilityGlobals) = postSolution
		SolutionGuid = {399A1056-9E2A-49E9-988E-33571076EC5D}
	EndGlobalSection
EndGlobal
