
Microsoft Visual Studio Solution File, Format Version 12.00
# Visual Studio Version 16
VisualStudioVersion = 16.0.31624.102
MinimumVisualStudioVersion = 10.0.40219.1
Project("{FAE04EC0-301F-11D3-BF4B-00C04F79EFBC}") = "Directory_DirectoryInfo", "Directory_DirectoryInfo\Directory_DirectoryInfo.csproj", "{F4BE9FE7-A491-459B-954E-5ADDD45EEE6B}"
EndProject
Global
	GlobalSection(SolutionConfigurationPlatforms) = preSolution
		Debug|Any CPU = Debug|Any CPU
		Release|Any CPU = Release|Any CPU
	EndGlobalSection
	GlobalSection(ProjectConfigurationPlatforms) = postSolution
		{F4BE9FE7-A491-459B-954E-5ADDD45EEE6B}.Debug|Any CPU.ActiveCfg = Debug|Any CPU
		{F4BE9FE7-A491-459B-954E-5ADDD45EEE6B}.Debug|Any CPU.Build.0 = Debug|Any CPU
		{F4BE9FE7-A491-459B-954E-5ADDD45EEE6B}.Release|Any CPU.ActiveCfg = Release|Any CPU
		{F4BE9FE7-A491-459B-954E-5ADDD45EEE6B}.Release|Any CPU.Build.0 = Release|Any CPU
	EndGlobalSection
	GlobalSection(SolutionProperties) = preSolution
		HideSolutionNode = FALSE
	EndGlobalSection
	GlobalSection(ExtensibilityGlobals) = postSolution
		SolutionGuid = {4933427D-4710-484A-8538-8C9DF34D1A2C}
	EndGlobalSection
EndGlobal
