
Microsoft Visual Studio Solution File, Format Version 12.00
# Visual Studio Version 16
VisualStudioVersion = 16.0.31624.102
MinimumVisualStudioVersion = 10.0.40219.1
Project("{FAE04EC0-301F-11D3-BF4B-00C04F79EFBC}") = "ExConjuntos", "Exercicio de Conjuntos\ExConjuntos.csproj", "{5B62088F-7AD6-4494-A89F-4DD20B01BE22}"
EndProject
Global
	GlobalSection(SolutionConfigurationPlatforms) = preSolution
		Debug|Any CPU = Debug|Any CPU
		Release|Any CPU = Release|Any CPU
	EndGlobalSection
	GlobalSection(ProjectConfigurationPlatforms) = postSolution
		{5B62088F-7AD6-4494-A89F-4DD20B01BE22}.Debug|Any CPU.ActiveCfg = Debug|Any CPU
		{5B62088F-7AD6-4494-A89F-4DD20B01BE22}.Debug|Any CPU.Build.0 = Debug|Any CPU
		{5B62088F-7AD6-4494-A89F-4DD20B01BE22}.Release|Any CPU.ActiveCfg = Release|Any CPU
		{5B62088F-7AD6-4494-A89F-4DD20B01BE22}.Release|Any CPU.Build.0 = Release|Any CPU
	EndGlobalSection
	GlobalSection(SolutionProperties) = preSolution
		HideSolutionNode = FALSE
	EndGlobalSection
	GlobalSection(ExtensibilityGlobals) = postSolution
		SolutionGuid = {6CBA3C6D-BB81-4170-9D77-2A95AFAD943A}
	EndGlobalSection
EndGlobal
