
Microsoft Visual Studio Solution File, Format Version 12.00
# Visual Studio Version 16
VisualStudioVersion = 16.0.31605.320
MinimumVisualStudioVersion = 10.0.40219.1
Project("{FAE04EC0-301F-11D3-BF4B-00C04F79EFBC}") = "Vetores-class 69", "Vetores-class 69\Vetores-class 69.csproj", "{720AE579-1DF9-438D-987A-FD8030A83C0A}"
EndProject
Global
	GlobalSection(SolutionConfigurationPlatforms) = preSolution
		Debug|Any CPU = Debug|Any CPU
		Release|Any CPU = Release|Any CPU
	EndGlobalSection
	GlobalSection(ProjectConfigurationPlatforms) = postSolution
		{720AE579-1DF9-438D-987A-FD8030A83C0A}.Debug|Any CPU.ActiveCfg = Debug|Any CPU
		{720AE579-1DF9-438D-987A-FD8030A83C0A}.Debug|Any CPU.Build.0 = Debug|Any CPU
		{720AE579-1DF9-438D-987A-FD8030A83C0A}.Release|Any CPU.ActiveCfg = Release|Any CPU
		{720AE579-1DF9-438D-987A-FD8030A83C0A}.Release|Any CPU.Build.0 = Release|Any CPU
	EndGlobalSection
	GlobalSection(SolutionProperties) = preSolution
		HideSolutionNode = FALSE
	EndGlobalSection
	GlobalSection(ExtensibilityGlobals) = postSolution
		SolutionGuid = {EA6ADBFD-4C20-40C3-A3F8-73BE68936C76}
	EndGlobalSection
EndGlobal
