
Microsoft Visual Studio Solution File, Format Version 12.00
# Visual Studio Version 16
VisualStudioVersion = 16.0.31624.102
MinimumVisualStudioVersion = 10.0.40219.1
Project("{FAE04EC0-301F-11D3-BF4B-00C04F79EFBC}") = "ExercicioPolimorfismo", "ExercicioPolimorfismo\ExercicioPolimorfismo.csproj", "{04D98965-B5A1-4CB1-8073-2CC484CF4C79}"
EndProject
Global
	GlobalSection(SolutionConfigurationPlatforms) = preSolution
		Debug|Any CPU = Debug|Any CPU
		Release|Any CPU = Release|Any CPU
	EndGlobalSection
	GlobalSection(ProjectConfigurationPlatforms) = postSolution
		{04D98965-B5A1-4CB1-8073-2CC484CF4C79}.Debug|Any CPU.ActiveCfg = Debug|Any CPU
		{04D98965-B5A1-4CB1-8073-2CC484CF4C79}.Debug|Any CPU.Build.0 = Debug|Any CPU
		{04D98965-B5A1-4CB1-8073-2CC484CF4C79}.Release|Any CPU.ActiveCfg = Release|Any CPU
		{04D98965-B5A1-4CB1-8073-2CC484CF4C79}.Release|Any CPU.Build.0 = Release|Any CPU
	EndGlobalSection
	GlobalSection(SolutionProperties) = preSolution
		HideSolutionNode = FALSE
	EndGlobalSection
	GlobalSection(ExtensibilityGlobals) = postSolution
		SolutionGuid = {0E802C02-B615-486E-8220-0594055F1097}
	EndGlobalSection
EndGlobal
