
Microsoft Visual Studio Solution File, Format Version 12.00
# Visual Studio Version 16
VisualStudioVersion = 16.0.31624.102
MinimumVisualStudioVersion = 10.0.40219.1
Project("{FAE04EC0-301F-11D3-BF4B-00C04F79EFBC}") = "Classe e métodos abstratos", "Classe e métodos abstratos\Classe e métodos abstratos.csproj", "{A7564BD7-3F39-49D8-B103-4A862231EE7A}"
EndProject
Global
	GlobalSection(SolutionConfigurationPlatforms) = preSolution
		Debug|Any CPU = Debug|Any CPU
		Release|Any CPU = Release|Any CPU
	EndGlobalSection
	GlobalSection(ProjectConfigurationPlatforms) = postSolution
		{A7564BD7-3F39-49D8-B103-4A862231EE7A}.Debug|Any CPU.ActiveCfg = Debug|Any CPU
		{A7564BD7-3F39-49D8-B103-4A862231EE7A}.Debug|Any CPU.Build.0 = Debug|Any CPU
		{A7564BD7-3F39-49D8-B103-4A862231EE7A}.Release|Any CPU.ActiveCfg = Release|Any CPU
		{A7564BD7-3F39-49D8-B103-4A862231EE7A}.Release|Any CPU.Build.0 = Release|Any CPU
	EndGlobalSection
	GlobalSection(SolutionProperties) = preSolution
		HideSolutionNode = FALSE
	EndGlobalSection
	GlobalSection(ExtensibilityGlobals) = postSolution
		SolutionGuid = {1E61CFC7-8E87-47F9-8F1C-D655C11F88DD}
	EndGlobalSection
EndGlobal
