
Microsoft Visual Studio Solution File, Format Version 12.00
# Visual Studio Version 16
VisualStudioVersion = 16.0.31605.320
MinimumVisualStudioVersion = 10.0.40219.1
Project("{FAE04EC0-301F-11D3-BF4B-00C04F79EFBC}") = "ExemploConstrutor", "ExemploConstrutor\ExemploConstrutor.csproj", "{718A23A5-8C7F-4688-B472-9F0AEBC4E27C}"
EndProject
Global
	GlobalSection(SolutionConfigurationPlatforms) = preSolution
		Debug|Any CPU = Debug|Any CPU
		Release|Any CPU = Release|Any CPU
	EndGlobalSection
	GlobalSection(ProjectConfigurationPlatforms) = postSolution
		{718A23A5-8C7F-4688-B472-9F0AEBC4E27C}.Debug|Any CPU.ActiveCfg = Debug|Any CPU
		{718A23A5-8C7F-4688-B472-9F0AEBC4E27C}.Debug|Any CPU.Build.0 = Debug|Any CPU
		{718A23A5-8C7F-4688-B472-9F0AEBC4E27C}.Release|Any CPU.ActiveCfg = Release|Any CPU
		{718A23A5-8C7F-4688-B472-9F0AEBC4E27C}.Release|Any CPU.Build.0 = Release|Any CPU
	EndGlobalSection
	GlobalSection(SolutionProperties) = preSolution
		HideSolutionNode = FALSE
	EndGlobalSection
	GlobalSection(ExtensibilityGlobals) = postSolution
		SolutionGuid = {FF168205-1834-4737-9A56-F01B0AC8A824}
	EndGlobalSection
EndGlobal
